
Microsoft Visual Studio Solution File, Format Version 12.00
# Visual Studio Version 17
VisualStudioVersion = 17.1.32328.378
MinimumVisualStudioVersion = 10.0.40219.1
Project("{9A19103F-16F7-4668-BE54-9A1E7A4F7556}") = "Vendors", "Vendors_backend_Nejra\Vendors.csproj", "{D78495C3-9152-40A8-AAB1-72A5F27211DE}"
EndProject
Global
	GlobalSection(SolutionConfigurationPlatforms) = preSolution
		Debug|Any CPU = Debug|Any CPU
		Release|Any CPU = Release|Any CPU
	EndGlobalSection
	GlobalSection(ProjectConfigurationPlatforms) = postSolution
		{D78495C3-9152-40A8-AAB1-72A5F27211DE}.Debug|Any CPU.ActiveCfg = Debug|Any CPU
		{D78495C3-9152-40A8-AAB1-72A5F27211DE}.Debug|Any CPU.Build.0 = Debug|Any CPU
		{D78495C3-9152-40A8-AAB1-72A5F27211DE}.Release|Any CPU.ActiveCfg = Release|Any CPU
		{D78495C3-9152-40A8-AAB1-72A5F27211DE}.Release|Any CPU.Build.0 = Release|Any CPU
	EndGlobalSection
	GlobalSection(SolutionProperties) = preSolution
		HideSolutionNode = FALSE
	EndGlobalSection
	GlobalSection(ExtensibilityGlobals) = postSolution
		SolutionGuid = {6523D6B4-B012-4CAE-BFEF-055B411ECABA}
	EndGlobalSection
EndGlobal
